
Microsoft Visual Studio Solution File, Format Version 12.00
# Visual Studio 14
VisualStudioVersion = 14.0.25420.1
MinimumVisualStudioVersion = 10.0.40219.1
Project("{FAE04EC0-301F-11D3-BF4B-00C04F79EFBC}") = "Aka.Arch.Microservice", "Aka.Arch.Microservice\Aka.Arch.Microservice.csproj", "{7ACF3F3C-5E36-4C8D-BC8C-A6A705611DBF}"
	ProjectSection(ProjectDependencies) = postProject
		{80519F37-2DA3-4819-B181-8881A242EE41} = {80519F37-2DA3-4819-B181-8881A242EE41}
	EndProjectSection
EndProject
Project("{FAE04EC0-301F-11D3-BF4B-00C04F79EFBC}") = "Aka.Arch.Microservice.Tests", "Aka.Arch.Microservice.Tests\Aka.Arch.Microservice.Tests.csproj", "{30606693-3958-4D3E-8676-D50E16E814E5}"
	ProjectSection(ProjectDependencies) = postProject
		{80519F37-2DA3-4819-B181-8881A242EE41} = {80519F37-2DA3-4819-B181-8881A242EE41}
	EndProjectSection
EndProject
Project("{FAE04EC0-301F-11D3-BF4B-00C04F79EFBC}") = "Aka.Microservice.Framework", "Aka.Microservice.Framework\Aka.Microservice.Framework.csproj", "{80519F37-2DA3-4819-B181-8881A242EE41}"
EndProject
Global
	GlobalSection(SolutionConfigurationPlatforms) = preSolution
		Debug|Any CPU = Debug|Any CPU
		Release|Any CPU = Release|Any CPU
	EndGlobalSection
	GlobalSection(ProjectConfigurationPlatforms) = postSolution
		{7ACF3F3C-5E36-4C8D-BC8C-A6A705611DBF}.Debug|Any CPU.ActiveCfg = Debug|Any CPU
		{7ACF3F3C-5E36-4C8D-BC8C-A6A705611DBF}.Debug|Any CPU.Build.0 = Debug|Any CPU
		{7ACF3F3C-5E36-4C8D-BC8C-A6A705611DBF}.Release|Any CPU.ActiveCfg = Release|Any CPU
		{7ACF3F3C-5E36-4C8D-BC8C-A6A705611DBF}.Release|Any CPU.Build.0 = Release|Any CPU
		{30606693-3958-4D3E-8676-D50E16E814E5}.Debug|Any CPU.ActiveCfg = Debug|Any CPU
		{30606693-3958-4D3E-8676-D50E16E814E5}.Debug|Any CPU.Build.0 = Debug|Any CPU
		{30606693-3958-4D3E-8676-D50E16E814E5}.Release|Any CPU.ActiveCfg = Release|Any CPU
		{30606693-3958-4D3E-8676-D50E16E814E5}.Release|Any CPU.Build.0 = Release|Any CPU
		{80519F37-2DA3-4819-B181-8881A242EE41}.Debug|Any CPU.ActiveCfg = Debug|Any CPU
		{80519F37-2DA3-4819-B181-8881A242EE41}.Debug|Any CPU.Build.0 = Debug|Any CPU
		{80519F37-2DA3-4819-B181-8881A242EE41}.Release|Any CPU.ActiveCfg = Release|Any CPU
		{80519F37-2DA3-4819-B181-8881A242EE41}.Release|Any CPU.Build.0 = Release|Any CPU
	EndGlobalSection
	GlobalSection(SolutionProperties) = preSolution
		HideSolutionNode = FALSE
	EndGlobalSection
EndGlobal
